Microsoft Visual Studio Solution File, Format Version 9.00
# Visual Studio 2005
Project("{8BC9CEB8-8B4A-11D0-8D11-00A0C91BC942}") = "VersyPDF", "VersyPDF.vcproj", "{70CC3BD5-F592-4965-B2C8-73A556FB13B5}"
	ProjectSection(ProjectDependencies) = postProject
		{B011466B-C5DD-4C38-B2CE-65F375697C7F} = {B011466B-C5DD-4C38-B2CE-65F375697C7F}
	EndProjectSection
EndProject
Project("{8BC9CEB8-8B4A-11D0-8D11-00A0C91BC942}") = "Versypdfsrc", "versypdfsrc.vcproj", "{B011466B-C5DD-4C38-B2CE-65F375697C7F}"
	ProjectSection(ProjectDependencies) = postProject
		{C9649502-AA6D-4B75-9BB5-F6DB962FC548} = {C9649502-AA6D-4B75-9BB5-F6DB962FC548}
		{6983F804-E8FA-438F-9AD9-859F8B12C980} = {6983F804-E8FA-438F-9AD9-859F8B12C980}
		{90E7CF71-EBD8-4A7E-870C-88C0A8171BF2} = {90E7CF71-EBD8-4A7E-870C-88C0A8171BF2}
		{10CFFCA8-1BDE-4DAC-85A5-D5F45B0CBE7B} = {10CFFCA8-1BDE-4DAC-85A5-D5F45B0CBE7B}
		{AC911BC8-39E8-49A1-B030-D27CB8CAA655} = {AC911BC8-39E8-49A1-B030-D27CB8CAA655}
	EndProjectSection
EndProject
Global
	GlobalSection(SolutionConfigurationPlatforms) = preSolution
		Debug|x64 = Debug|x64
		Debug|x86 = Debug|x86
		Release|Any CPU = Release|Any CPU
		Release|Mixed Platforms = Release|Mixed Platforms
		Release|Win32 = Release|Win32
		Release|x64 = Release|x64
		Release|x86 = Release|x86
	EndGlobalSection
	GlobalSection(ProjectConfigurationPlatforms) = postSolution
		{70CC3BD5-F592-4965-B2C8-73A556FB13B5}.Debug|Any CPU.ActiveCfg = Debug|Win32
		{70CC3BD5-F592-4965-B2C8-73A556FB13B5}.Debug|Any CPU.Build.0 = Debug|Win32
		{70CC3BD5-F592-4965-B2C8-73A556FB13B5}.Debug|Mixed Platforms.ActiveCfg = Debug|Win32
		{70CC3BD5-F592-4965-B2C8-73A556FB13B5}.Debug|Mixed Platforms.Build.0 = Debug|Win32
		{70CC3BD5-F592-4965-B2C8-73A556FB13B5}.Debug|Win32.ActiveCfg = Debug|Win32
		{70CC3BD5-F592-4965-B2C8-73A556FB13B5}.Debug|Win32.Build.0 = Debug|Win32
		{70CC3BD5-F592-4965-B2C8-73A556FB13B5}.Debug|x64.ActiveCfg = Debug|x64
		{70CC3BD5-F592-4965-B2C8-73A556FB13B5}.Debug|x64.Build.0 = Debug|x64
		{70CC3BD5-F592-4965-B2C8-73A556FB13B5}.Debug|x86.ActiveCfg = Debug|x64
		{70CC3BD5-F592-4965-B2C8-73A556FB13B5}.Release|Any CPU.ActiveCfg = Release|Win32
		{70CC3BD5-F592-4965-B2C8-73A556FB13B5}.Release|Mixed Platforms.ActiveCfg = Release|Win32
		{70CC3BD5-F592-4965-B2C8-73A556FB13B5}.Release|Mixed Platforms.Build.0 = Release|Win32
		{70CC3BD5-F592-4965-B2C8-73A556FB13B5}.Release|Win32.ActiveCfg = Release|Win32
		{70CC3BD5-F592-4965-B2C8-73A556FB13B5}.Release|Win32.Build.0 = Release|Win32
		{70CC3BD5-F592-4965-B2C8-73A556FB13B5}.Release|x64.ActiveCfg = Release|x64
		{70CC3BD5-F592-4965-B2C8-73A556FB13B5}.Release|x64.Build.0 = Release|x64
		{70CC3BD5-F592-4965-B2C8-73A556FB13B5}.Release|x86.ActiveCfg = Release|x64
		{6983F804-E8FA-438F-9AD9-859F8B12C980}.Debug|Any CPU.ActiveCfg = Debug|x64
		{6983F804-E8FA-438F-9AD9-859F8B12C980}.Debug|Mixed Platforms.ActiveCfg = Debug|x64
		{6983F804-E8FA-438F-9AD9-859F8B12C980}.Debug|Mixed Platforms.Build.0 = Debug|x64
		{6983F804-E8FA-438F-9AD9-859F8B12C980}.Debug|Win32.ActiveCfg = Debug|Win32
		{6983F804-E8FA-438F-9AD9-859F8B12C980}.Debug|Win32.Build.0 = Debug|Win32
		{6983F804-E8FA-438F-9AD9-859F8B12C980}.Debug|x64.ActiveCfg = Debug|x64
		{6983F804-E8FA-438F-9AD9-859F8B12C980}.Debug|x64.Build.0 = Debug|x64
		{6983F804-E8FA-438F-9AD9-859F8B12C980}.Debug|x86.ActiveCfg = Debug|x64
		{6983F804-E8FA-438F-9AD9-859F8B12C980}.Release|Any CPU.ActiveCfg = Release|x64
		{6983F804-E8FA-438F-9AD9-859F8B12C980}.Release|Mixed Platforms.ActiveCfg = Release|x64
		{6983F804-E8FA-438F-9AD9-859F8B12C980}.Release|Mixed Platforms.Build.0 = Release|x64
		{6983F804-E8FA-438F-9AD9-859F8B12C980}.Release|Win32.ActiveCfg = Release|Win32
		{6983F804-E8FA-438F-9AD9-859F8B12C980}.Release|Win32.Build.0 = Release|Win32
		{6983F804-E8FA-438F-9AD9-859F8B12C980}.Release|x64.ActiveCfg = Release|x64
		{6983F804-E8FA-438F-9AD9-859F8B12C980}.Release|x64.Build.0 = Release|x64
		{6983F804-E8FA-438F-9AD9-859F8B12C980}.Release|x86.ActiveCfg = Release|x64
		{AC911BC8-39E8-49A1-B030-D27CB8CAA655}.Debug|Any CPU.ActiveCfg = Debug|x64
		{AC911BC8-39E8-49A1-B030-D27CB8CAA655}.Debug|Mixed Platforms.ActiveCfg = Debug|x64
		{AC911BC8-39E8-49A1-B030-D27CB8CAA655}.Debug|Mixed Platforms.Build.0 = Debug|x64
		{AC911BC8-39E8-49A1-B030-D27CB8CAA655}.Debug|Win32.ActiveCfg = Debug|Win32
		{AC911BC8-39E8-49A1-B030-D27CB8CAA655}.Debug|Win32.Build.0 = Debug|Win32
		{AC911BC8-39E8-49A1-B030-D27CB8CAA655}.Debug|x64.ActiveCfg = Debug|x64
		{AC911BC8-39E8-49A1-B030-D27CB8CAA655}.Debug|x64.Build.0 = Debug|x64
		{AC911BC8-39E8-49A1-B030-D27CB8CAA655}.Debug|x86.ActiveCfg = Debug|x64
		{AC911BC8-39E8-49A1-B030-D27CB8CAA655}.Release|Any CPU.ActiveCfg = Release|x64
		{AC911BC8-39E8-49A1-B030-D27CB8CAA655}.Release|Mixed Platforms.ActiveCfg = Release|x64
		{AC911BC8-39E8-49A1-B030-D27CB8CAA655}.Release|Mixed Platforms.Build.0 = Release|x64
		{AC911BC8-39E8-49A1-B030-D27CB8CAA655}.Release|Win32.ActiveCfg = Release|Win32
		{AC911BC8-39E8-49A1-B030-D27CB8CAA655}.Release|Win32.Build.0 = Release|Win32
		{AC911BC8-39E8-49A1-B030-D27CB8CAA655}.Release|x64.ActiveCfg = Release|x64
		{AC911BC8-39E8-49A1-B030-D27CB8CAA655}.Release|x64.Build.0 = Release|x64
		{AC911BC8-39E8-49A1-B030-D27CB8CAA655}.Release|x86.ActiveCfg = Release|x64
		{90E7CF71-EBD8-4A7E-870C-88C0A8171BF2}.Debug|Any CPU.ActiveCfg = Debug|x64
		{90E7CF71-EBD8-4A7E-870C-88C0A8171BF2}.Debug|Mixed Platforms.ActiveCfg = Debug|x64
		{90E7CF71-EBD8-4A7E-870C-88C0A8171BF2}.Debug|Mixed Platforms.Build.0 = Debug|x64
		{90E7CF71-EBD8-4A7E-870C-88C0A8171BF2}.Debug|Win32.ActiveCfg = Debug|Win32
		{90E7CF71-EBD8-4A7E-870C-88C0A8171BF2}.Debug|Win32.Build.0 = Debug|Win32
		{90E7CF71-EBD8-4A7E-870C-88C0A8171BF2}.Debug|x64.ActiveCfg = Debug|x64
		{90E7CF71-EBD8-4A7E-870C-88C0A8171BF2}.Debug|x64.Build.0 = Debug|x64
		{90E7CF71-EBD8-4A7E-870C-88C0A8171BF2}.Debug|x86.ActiveCfg = Debug|x64
		{90E7CF71-EBD8-4A7E-870C-88C0A8171BF2}.Release|Any CPU.ActiveCfg = Release|x64
		{90E7CF71-EBD8-4A7E-870C-88C0A8171BF2}.Release|Mixed Platforms.ActiveCfg = Release|x64
		{90E7CF71-EBD8-4A7E-870C-88C0A8171BF2}.Release|Mixed Platforms.Build.0 = Release|x64
		{90E7CF71-EBD8-4A7E-870C-88C0A8171BF2}.Release|Win32.ActiveCfg = Release|Win32
		{90E7CF71-EBD8-4A7E-870C-88C0A8171BF2}.Release|Win32.Build.0 = Release|Win32
		{90E7CF71-EBD8-4A7E-870C-88C0A8171BF2}.Release|x64.ActiveCfg = Release|x64
		{90E7CF71-EBD8-4A7E-870C-88C0A8171BF2}.Release|x64.Build.0 = Release|x64
		{90E7CF71-EBD8-4A7E-870C-88C0A8171BF2}.Release|x86.ActiveCfg = Release|x64
		{10CFFCA8-1BDE-4DAC-85A5-D5F45B0CBE7B}.Debug|Any CPU.ActiveCfg = Debug|x64
		{10CFFCA8-1BDE-4DAC-85A5-D5F45B0CBE7B}.Debug|Mixed Platforms.ActiveCfg = Debug|x64
		{10CFFCA8-1BDE-4DAC-85A5-D5F45B0CBE7B}.Debug|Mixed Platforms.Build.0 = Debug|x64
		{10CFFCA8-1BDE-4DAC-85A5-D5F45B0CBE7B}.Debug|Win32.ActiveCfg = Debug|Win32
		{10CFFCA8-1BDE-4DAC-85A5-D5F45B0CBE7B}.Debug|Win32.Build.0 = Debug|Win32
		{10CFFCA8-1BDE-4DAC-85A5-D5F45B0CBE7B}.Debug|x64.ActiveCfg = Debug|x64
		{10CFFCA8-1BDE-4DAC-85A5-D5F45B0CBE7B}.Debug|x64.Build.0 = Debug|x64
		{10CFFCA8-1BDE-4DAC-85A5-D5F45B0CBE7B}.Debug|x86.ActiveCfg = Debug|x64
		{10CFFCA8-1BDE-4DAC-85A5-D5F45B0CBE7B}.Release|Any CPU.ActiveCfg = Release|x64
		{10CFFCA8-1BDE-4DAC-85A5-D5F45B0CBE7B}.Release|Mixed Platforms.ActiveCfg = Release|x64
		{10CFFCA8-1BDE-4DAC-85A5-D5F45B0CBE7B}.Release|Mixed Platforms.Build.0 = Release|x64
		{10CFFCA8-1BDE-4DAC-85A5-D5F45B0CBE7B}.Release|Win32.ActiveCfg = Release|Win32
		{10CFFCA8-1BDE-4DAC-85A5-D5F45B0CBE7B}.Release|Win32.Build.0 = Release|Win32
		{10CFFCA8-1BDE-4DAC-85A5-D5F45B0CBE7B}.Release|x64.ActiveCfg = Release|x64
		{10CFFCA8-1BDE-4DAC-85A5-D5F45B0CBE7B}.Release|x64.Build.0 = Release|x64
		{10CFFCA8-1BDE-4DAC-85A5-D5F45B0CBE7B}.Release|x86.ActiveCfg = Release|x64
		{C9649502-AA6D-4B75-9BB5-F6DB962FC548}.Debug|Any CPU.ActiveCfg = Debug|x64
		{C9649502-AA6D-4B75-9BB5-F6DB962FC548}.Debug|Mixed Platforms.ActiveCfg = Debug|x64
		{C9649502-AA6D-4B75-9BB5-F6DB962FC548}.Debug|Mixed Platforms.Build.0 = Debug|x64
		{C9649502-AA6D-4B75-9BB5-F6DB962FC548}.Debug|Win32.ActiveCfg = Debug|Win32
		{C9649502-AA6D-4B75-9BB5-F6DB962FC548}.Debug|Win32.Build.0 = Debug|Win32
		{C9649502-AA6D-4B75-9BB5-F6DB962FC548}.Debug|x64.ActiveCfg = Debug|x64
		{C9649502-AA6D-4B75-9BB5-F6DB962FC548}.Debug|x64.Build.0 = Debug|x64
		{C9649502-AA6D-4B75-9BB5-F6DB962FC548}.Debug|x86.ActiveCfg = Debug|x64
		{C9649502-AA6D-4B75-9BB5-F6DB962FC548}.Release|Any CPU.ActiveCfg = Release|x64
		{C9649502-AA6D-4B75-9BB5-F6DB962FC548}.Release|Mixed Platforms.ActiveCfg = Release|x64
		{C9649502-AA6D-4B75-9BB5-F6DB962FC548}.Release|Mixed Platforms.Build.0 = Release|x64
		{C9649502-AA6D-4B75-9BB5-F6DB962FC548}.Release|Win32.ActiveCfg = Release|Win32
		{C9649502-AA6D-4B75-9BB5-F6DB962FC548}.Release|Win32.Build.0 = Release|Win32
		{C9649502-AA6D-4B75-9BB5-F6DB962FC548}.Release|x64.ActiveCfg = Release|x64
		{C9649502-AA6D-4B75-9BB5-F6DB962FC548}.Release|x64.Build.0 = Release|x64
		{C9649502-AA6D-4B75-9BB5-F6DB962FC548}.Release|x86.ActiveCfg = Release|x64
		{B011466B-C5DD-4C38-B2CE-65F375697C7F}.Debug|Any CPU.ActiveCfg = Debug|x64
		{B011466B-C5DD-4C38-B2CE-65F375697C7F}.Debug|Mixed Platforms.ActiveCfg = Debug|x64
		{B011466B-C5DD-4C38-B2CE-65F375697C7F}.Debug|Mixed Platforms.Build.0 = Debug|x64
		{B011466B-C5DD-4C38-B2CE-65F375697C7F}.Debug|Win32.ActiveCfg = Debug|Win32
		{B011466B-C5DD-4C38-B2CE-65F375697C7F}.Debug|Win32.Build.0 = Debug|Win32
		{B011466B-C5DD-4C38-B2CE-65F375697C7F}.Debug|x64.ActiveCfg = Debug|x64
		{B011466B-C5DD-4C38-B2CE-65F375697C7F}.Debug|x64.Build.0 = Debug|x64
		{B011466B-C5DD-4C38-B2CE-65F375697C7F}.Debug|x86.ActiveCfg = Debug|x64
		{B011466B-C5DD-4C38-B2CE-65F375697C7F}.Release|Any CPU.ActiveCfg = Release|x64
		{B011466B-C5DD-4C38-B2CE-65F375697C7F}.Release|Mixed Platforms.ActiveCfg = Release|x64
		{B011466B-C5DD-4C38-B2CE-65F375697C7F}.Release|Mixed Platforms.Build.0 = Release|x64
		{B011466B-C5DD-4C38-B2CE-65F375697C7F}.Release|Win32.ActiveCfg = Release|Win32
		{B011466B-C5DD-4C38-B2CE-65F375697C7F}.Release|Win32.Build.0 = Release|Win32
		{B011466B-C5DD-4C38-B2CE-65F375697C7F}.Release|x64.ActiveCfg = Release|x64
		{B011466B-C5DD-4C38-B2CE-65F375697C7F}.Release|x64.Build.0 = Release|x64
		{B011466B-C5DD-4C38-B2CE-65F375697C7F}.Release|x86.ActiveCfg = Release|x64
		{3ED6F85A-9CA3-40E5-896C-26C5F2A7A528}.Debug|Any CPU.ActiveCfg = Debug|Any CPU
		{3ED6F85A-9CA3-40E5-896C-26C5F2A7A528}.Debug|Any CPU.Build.0 = Debug|Any CPU
		{3ED6F85A-9CA3-40E5-896C-26C5F2A7A528}.Debug|Mixed Platforms.ActiveCfg = Debug|Any CPU
		{3ED6F85A-9CA3-40E5-896C-26C5F2A7A528}.Debug|Mixed Platforms.Build.0 = Debug|Any CPU
		{3ED6F85A-9CA3-40E5-896C-26C5F2A7A528}.Debug|Win32.ActiveCfg = Debug|Any CPU
		{3ED6F85A-9CA3-40E5-896C-26C5F2A7A528}.Debug|Win32.Build.0 = Debug|Any CPU
		{3ED6F85A-9CA3-40E5-896C-26C5F2A7A528}.Debug|x64.ActiveCfg = Debug|Any CPU
		{3ED6F85A-9CA3-40E5-896C-26C5F2A7A528}.Debug|x86.ActiveCfg = Debug|Any CPU
		{3ED6F85A-9CA3-40E5-896C-26C5F2A7A528}.Release|Any CPU.ActiveCfg = Release|Any CPU
		{3ED6F85A-9CA3-40E5-896C-26C5F2A7A528}.Release|Any CPU.Build.0 = Release|Any CPU
		{3ED6F85A-9CA3-40E5-896C-26C5F2A7A528}.Release|Mixed Platforms.ActiveCfg = Release|Any CPU
		{3ED6F85A-9CA3-40E5-896C-26C5F2A7A528}.Release|Mixed Platforms.Build.0 = Release|Any CPU
		{3ED6F85A-9CA3-40E5-896C-26C5F2A7A528}.Release|Win32.ActiveCfg = Release|Any CPU
		{3ED6F85A-9CA3-40E5-896C-26C5F2A7A528}.Release|Win32.Build.0 = Release|Any CPU
		{3ED6F85A-9CA3-40E5-896C-26C5F2A7A528}.Release|x64.ActiveCfg = Release|Any CPU
		{3ED6F85A-9CA3-40E5-896C-26C5F2A7A528}.Release|x86.ActiveCfg = Release|Any CPU
		{1A5EFBD2-1BDB-42B4-BC0D-3A8A17CA7B63}.Debug|Any CPU.ActiveCfg = Debug|Any CPU
		{1A5EFBD2-1BDB-42B4-BC0D-3A8A17CA7B63}.Debug|Any CPU.Build.0 = Debug|Any CPU
		{1A5EFBD2-1BDB-42B4-BC0D-3A8A17CA7B63}.Debug|Mixed Platforms.ActiveCfg = Debug|x86
		{1A5EFBD2-1BDB-42B4-BC0D-3A8A17CA7B63}.Debug|Mixed Platforms.Build.0 = Debug|x86
		{1A5EFBD2-1BDB-42B4-BC0D-3A8A17CA7B63}.Debug|Win32.ActiveCfg = Debug|x86
		{1A5EFBD2-1BDB-42B4-BC0D-3A8A17CA7B63}.Debug|x64.ActiveCfg = Debug|x86
		{1A5EFBD2-1BDB-42B4-BC0D-3A8A17CA7B63}.Debug|x86.ActiveCfg = Debug|x86
		{1A5EFBD2-1BDB-42B4-BC0D-3A8A17CA7B63}.Debug|x86.Build.0 = Debug|x86
		{1A5EFBD2-1BDB-42B4-BC0D-3A8A17CA7B63}.Release|Any CPU.ActiveCfg = Release|Any CPU
		{1A5EFBD2-1BDB-42B4-BC0D-3A8A17CA7B63}.Release|Any CPU.Build.0 = Release|Any CPU
		{1A5EFBD2-1BDB-42B4-BC0D-3A8A17CA7B63}.Release|Mixed Platforms.ActiveCfg = Release|x86
		{1A5EFBD2-1BDB-42B4-BC0D-3A8A17CA7B63}.Release|Mixed Platforms.Build.0 = Release|x86
		{1A5EFBD2-1BDB-42B4-BC0D-3A8A17CA7B63}.Release|Win32.ActiveCfg = Release|x86
		{1A5EFBD2-1BDB-42B4-BC0D-3A8A17CA7B63}.Release|x64.ActiveCfg = Release|x86
		{1A5EFBD2-1BDB-42B4-BC0D-3A8A17CA7B63}.Release|x86.ActiveCfg = Release|x86
		{1A5EFBD2-1BDB-42B4-BC0D-3A8A17CA7B63}.Release|x86.Build.0 = Release|x86
	EndGlobalSection
	GlobalSection(SolutionProperties) = preSolution
		HideSolutionNode = FALSE
	EndGlobalSection
EndGlobal
